
Microsoft Visual Studio Solution File, Format Version 12.00
# Visual Studio Version 17
VisualStudioVersion = 17.11.35201.85
MinimumVisualStudioVersion = 10.0.40219.1
Project("{FAE04EC0-301F-11D3-BF4B-00C04F79EFBC}") = "EventAnalytics", "EventAnalytics.csproj", "{ECCB3943-C505-4E9C-BB34-7BD58BD71931}"
EndProject
Project("{FAE04EC0-301F-11D3-BF4B-00C04F79EFBC}") = "EventAnalytics.Tests", "..\EventAnalytics.Tests\EventAnalytics.Tests.csproj", "{67067CFF-B0A6-4ADA-A4AB-6CF80C119620}"
EndProject
Project("{FAE04EC0-301F-11D3-BF4B-00C04F79EFBC}") = "EventAnalytics.Common", "..\EventAnalytics.Common\EventAnalytics.Common.csproj", "{592D30E6-0829-4583-BC63-E76CA26DC619}"
EndProject
Global
	GlobalSection(SolutionConfigurationPlatforms) = preSolution
		Debug|Any CPU = Debug|Any CPU
		Release|Any CPU = Release|Any CPU
	EndGlobalSection
	GlobalSection(ProjectConfigurationPlatforms) = postSolution
		{ECCB3943-C505-4E9C-BB34-7BD58BD71931}.Debug|Any CPU.ActiveCfg = Debug|Any CPU
		{ECCB3943-C505-4E9C-BB34-7BD58BD71931}.Debug|Any CPU.Build.0 = Debug|Any CPU
		{ECCB3943-C505-4E9C-BB34-7BD58BD71931}.Release|Any CPU.ActiveCfg = Release|Any CPU
		{ECCB3943-C505-4E9C-BB34-7BD58BD71931}.Release|Any CPU.Build.0 = Release|Any CPU
		{67067CFF-B0A6-4ADA-A4AB-6CF80C119620}.Debug|Any CPU.ActiveCfg = Debug|Any CPU
		{67067CFF-B0A6-4ADA-A4AB-6CF80C119620}.Debug|Any CPU.Build.0 = Debug|Any CPU
		{67067CFF-B0A6-4ADA-A4AB-6CF80C119620}.Release|Any CPU.ActiveCfg = Release|Any CPU
		{67067CFF-B0A6-4ADA-A4AB-6CF80C119620}.Release|Any CPU.Build.0 = Release|Any CPU
		{592D30E6-0829-4583-BC63-E76CA26DC619}.Debug|Any CPU.ActiveCfg = Debug|Any CPU
		{592D30E6-0829-4583-BC63-E76CA26DC619}.Debug|Any CPU.Build.0 = Debug|Any CPU
		{592D30E6-0829-4583-BC63-E76CA26DC619}.Release|Any CPU.ActiveCfg = Release|Any CPU
		{592D30E6-0829-4583-BC63-E76CA26DC619}.Release|Any CPU.Build.0 = Release|Any CPU
	EndGlobalSection
	GlobalSection(SolutionProperties) = preSolution
		HideSolutionNode = FALSE
	EndGlobalSection
	GlobalSection(ExtensibilityGlobals) = postSolution
		SolutionGuid = {79086033-8642-43F9-A182-4A49A26D07D3}
	EndGlobalSection
EndGlobal
